
Microsoft Visual Studio Solution File, Format Version 12.00
# Visual Studio Version 17
VisualStudioVersion = 17.12.35527.113
MinimumVisualStudioVersion = 10.0.40219.1
Project("{FAE04EC0-301F-11D3-BF4B-00C04F79EFBC}") = "HelloMVC", "HelloMVC\HelloMVC.csproj", "{8E508B78-15E4-4462-895C-33C41236ACF2}"
EndProject
Project("{FAE04EC0-301F-11D3-BF4B-00C04F79EFBC}") = "Bilisim.EFApp", "Bilisim.EFApp\Bilisim.EFApp.csproj", "{509817B7-4924-40FA-90DE-1DAA8D1943F7}"
EndProject
Global
	GlobalSection(SolutionConfigurationPlatforms) = preSolution
		Debug|Any CPU = Debug|Any CPU
		Release|Any CPU = Release|Any CPU
	EndGlobalSection
	GlobalSection(ProjectConfigurationPlatforms) = postSolution
		{8E508B78-15E4-4462-895C-33C41236ACF2}.Debug|Any CPU.ActiveCfg = Debug|Any CPU
		{8E508B78-15E4-4462-895C-33C41236ACF2}.Debug|Any CPU.Build.0 = Debug|Any CPU
		{8E508B78-15E4-4462-895C-33C41236ACF2}.Release|Any CPU.ActiveCfg = Release|Any CPU
		{8E508B78-15E4-4462-895C-33C41236ACF2}.Release|Any CPU.Build.0 = Release|Any CPU
		{509817B7-4924-40FA-90DE-1DAA8D1943F7}.Debug|Any CPU.ActiveCfg = Debug|Any CPU
		{509817B7-4924-40FA-90DE-1DAA8D1943F7}.Debug|Any CPU.Build.0 = Debug|Any CPU
		{509817B7-4924-40FA-90DE-1DAA8D1943F7}.Release|Any CPU.ActiveCfg = Release|Any CPU
		{509817B7-4924-40FA-90DE-1DAA8D1943F7}.Release|Any CPU.Build.0 = Release|Any CPU
	EndGlobalSection
	GlobalSection(SolutionProperties) = preSolution
		HideSolutionNode = FALSE
	EndGlobalSection
	GlobalSection(ExtensibilityGlobals) = postSolution
		SolutionGuid = {8038B2E1-1381-4CE2-AFA3-45725BA74B2B}
	EndGlobalSection
EndGlobal
